<?xml version="1.0" encoding="utf-8"?>
<Project ToolsVersion="4.0" xmlns="http://schemas.microsoft.com/developer/msbuild/2003">
  <ItemGroup>
    <Filter Include="Resource files">
      <UniqueIdentifier>{518e93d1-e965-4af7-abf3-af5c9b0d968e}</UniqueIdentifier>
      <Extensions>rc;ico;cur;bmp;dlg;rc2;rct;bin;rgs;gif;jpg;jpeg;jpe;resx;tiff;tif;png;wav</Extensions>
    </Filter>
    <Filter Include="Make files">
      <UniqueIdentifier>{0364fdb2-5d10-4107-aba4-e0953dd37b41}</UniqueIdentifier>
      <Extensions>*.mak</Extensions>
    </Filter>
    <Filter Include="Library">
      <UniqueIdentifier>{a5c07880-f269-4460-9cfb-1e4e161ded7c}</UniqueIdentifier>
    </Filter>
    <Filter Include="Library\Device-specific files">
      <UniqueIdentifier>{f42a81da-f5e0-4217-b5f4-15658f561be5}</UniqueIdentifier>
    </Filter>
  </ItemGroup>
  <ItemGroup>
    <ClCompile Include="BSP\STM32F1xxxx\CMSIS\CM3\DeviceSupport\ST\STM32F10x\system_stm32f10x.c">
      <Filter>Library\Device-specific files</Filter>
    </ClCompile>
    <ClCompile Include="BSP\STM32F1xxxx\CMSIS\CM3\CoreSupport\core_cm3.c">
      <Filter>Library\Device-specific files</Filter>
    </ClCompile>
    <ClCompile Include="BSP\STM32F1xxxx\STM32F10x_StdPeriph_Driver\src\misc.c">
      <Filter>Library\Device-specific files</Filter>
    </ClCompile>
    <ClCompile Include="BSP\STM32F1xxxx\Startup\startup_stm32f10x_md.c">
      <Filter>Library\Device-specific files</Filter>
    </ClCompile>
    <ClCompile Include="BSP\STM32F1xxxx\STM32F10x_StdPeriph_Driver\src\stm32f10x_adc.c">
      <Filter>Library\Device-specific files</Filter>
    </ClCompile>
    <ClCompile Include="BSP\STM32F1xxxx\STM32F10x_StdPeriph_Driver\src\stm32f10x_bkp.c">
      <Filter>Library\Device-specific files</Filter>
    </ClCompile>
    <ClCompile Include="BSP\STM32F1xxxx\STM32F10x_StdPeriph_Driver\src\stm32f10x_can.c">
      <Filter>Library\Device-specific files</Filter>
    </ClCompile>
    <ClCompile Include="BSP\STM32F1xxxx\STM32F10x_StdPeriph_Driver\src\stm32f10x_cec.c">
      <Filter>Library\Device-specific files</Filter>
    </ClCompile>
    <ClCompile Include="BSP\STM32F1xxxx\STM32F10x_StdPeriph_Driver\src\stm32f10x_crc.c">
      <Filter>Library\Device-specific files</Filter>
    </ClCompile>
    <ClCompile Include="BSP\STM32F1xxxx\STM32F10x_StdPeriph_Driver\src\stm32f10x_dac.c">
      <Filter>Library\Device-specific files</Filter>
    </ClCompile>
    <ClCompile Include="BSP\STM32F1xxxx\STM32F10x_StdPeriph_Driver\src\stm32f10x_dbgmcu.c">
      <Filter>Library\Device-specific files</Filter>
    </ClCompile>
    <ClCompile Include="BSP\STM32F1xxxx\STM32F10x_StdPeriph_Driver\src\stm32f10x_dma.c">
      <Filter>Library\Device-specific files</Filter>
    </ClCompile>
    <ClCompile Include="BSP\STM32F1xxxx\STM32F10x_StdPeriph_Driver\src\stm32f10x_exti.c">
      <Filter>Library\Device-specific files</Filter>
    </ClCompile>
    <ClCompile Include="BSP\STM32F1xxxx\STM32F10x_StdPeriph_Driver\src\stm32f10x_flash.c">
      <Filter>Library\Device-specific files</Filter>
    </ClCompile>
    <ClCompile Include="BSP\STM32F1xxxx\STM32F10x_StdPeriph_Driver\src\stm32f10x_fsmc.c">
      <Filter>Library\Device-specific files</Filter>
    </ClCompile>
    <ClCompile Include="BSP\STM32F1xxxx\STM32F10x_StdPeriph_Driver\src\stm32f10x_gpio.c">
      <Filter>Library\Device-specific files</Filter>
    </ClCompile>
    <ClCompile Include="BSP\STM32F1xxxx\STM32F10x_StdPeriph_Driver\src\stm32f10x_i2c.c">
      <Filter>Library\Device-specific files</Filter>
    </ClCompile>
    <ClCompile Include="BSP\STM32F1xxxx\STM32F10x_StdPeriph_Driver\src\stm32f10x_iwdg.c">
      <Filter>Library\Device-specific files</Filter>
    </ClCompile>
    <ClCompile Include="BSP\STM32F1xxxx\STM32F10x_StdPeriph_Driver\src\stm32f10x_pwr.c">
      <Filter>Library\Device-specific files</Filter>
    </ClCompile>
    <ClCompile Include="BSP\STM32F1xxxx\STM32F10x_StdPeriph_Driver\src\stm32f10x_rcc.c">
      <Filter>Library\Device-specific files</Filter>
    </ClCompile>
    <ClCompile Include="BSP\STM32F1xxxx\STM32F10x_StdPeriph_Driver\src\stm32f10x_rtc.c">
      <Filter>Library\Device-specific files</Filter>
    </ClCompile>
    <ClCompile Include="BSP\STM32F1xxxx\STM32F10x_StdPeriph_Driver\src\stm32f10x_sdio.c">
      <Filter>Library\Device-specific files</Filter>
    </ClCompile>
    <ClCompile Include="BSP\STM32F1xxxx\STM32F10x_StdPeriph_Driver\src\stm32f10x_spi.c">
      <Filter>Library\Device-specific files</Filter>
    </ClCompile>
    <ClCompile Include="BSP\STM32F1xxxx\STM32F10x_StdPeriph_Driver\src\stm32f10x_tim.c">
      <Filter>Library\Device-specific files</Filter>
    </ClCompile>
    <ClCompile Include="BSP\STM32F1xxxx\STM32F10x_StdPeriph_Driver\src\stm32f10x_usart.c">
      <Filter>Library\Device-specific files</Filter>
    </ClCompile>
    <ClCompile Include="BSP\STM32F1xxxx\STM32F10x_StdPeriph_Driver\src\stm32f10x_wwdg.c">
      <Filter>Library\Device-specific files</Filter>
    </ClCompile>
    <ClCompile Include="main.cpp" />
    <ClCompile Include="PPMGenerator.c" />
    <ClCompile Include="SysTimer.c" />
    <ClCompile Include="SSD1306.cpp" />
    <ClCompile Include="font5x7.c" />
  </ItemGroup>
  <ItemGroup>
    <None Include="Makefile" />
    <None Include="debug.mak">
      <Filter>Make files</Filter>
    </None>
    <None Include="release.mak">
      <Filter>Make files</Filter>
    </None>
    <None Include="stm32.mak">
      <Filter>Library\Device-specific files</Filter>
    </None>
  </ItemGroup>
  <ItemGroup>
    <ClInclude Include="BSP\STM32F1xxxx\CMSIS\CM3\CoreSupport\core_cm3.h">
      <Filter>Library\Device-specific files</Filter>
    </ClInclude>
    <ClInclude Include="BSP\STM32F1xxxx\CMSIS\CM3\DeviceSupport\ST\STM32F10x\stm32f10x.h">
      <Filter>Library\Device-specific files</Filter>
    </ClInclude>
    <ClInclude Include="BSP\STM32F1xxxx\CMSIS\CM3\DeviceSupport\ST\STM32F10x\system_stm32f10x.h">
      <Filter>Library\Device-specific files</Filter>
    </ClInclude>
    <ClInclude Include="BSP\STM32F1xxxx\STM32F10x_StdPeriph_Driver\inc\misc.h">
      <Filter>Library\Device-specific files</Filter>
    </ClInclude>
    <ClInclude Include="BSP\STM32F1xxxx\STM32F10x_StdPeriph_Driver\inc\stm32f10x_adc.h">
      <Filter>Library\Device-specific files</Filter>
    </ClInclude>
    <ClInclude Include="BSP\STM32F1xxxx\STM32F10x_StdPeriph_Driver\inc\stm32f10x_bkp.h">
      <Filter>Library\Device-specific files</Filter>
    </ClInclude>
    <ClInclude Include="BSP\STM32F1xxxx\STM32F10x_StdPeriph_Driver\inc\stm32f10x_can.h">
      <Filter>Library\Device-specific files</Filter>
    </ClInclude>
    <ClInclude Include="BSP\STM32F1xxxx\STM32F10x_StdPeriph_Driver\inc\stm32f10x_cec.h">
      <Filter>Library\Device-specific files</Filter>
    </ClInclude>
    <ClInclude Include="BSP\STM32F1xxxx\STM32F10x_StdPeriph_Driver\inc\stm32f10x_crc.h">
      <Filter>Library\Device-specific files</Filter>
    </ClInclude>
    <ClInclude Include="BSP\STM32F1xxxx\STM32F10x_StdPeriph_Driver\inc\stm32f10x_dac.h">
      <Filter>Library\Device-specific files</Filter>
    </ClInclude>
    <ClInclude Include="BSP\STM32F1xxxx\STM32F10x_StdPeriph_Driver\inc\stm32f10x_dbgmcu.h">
      <Filter>Library\Device-specific files</Filter>
    </ClInclude>
    <ClInclude Include="BSP\STM32F1xxxx\STM32F10x_StdPeriph_Driver\inc\stm32f10x_dma.h">
      <Filter>Library\Device-specific files</Filter>
    </ClInclude>
    <ClInclude Include="BSP\STM32F1xxxx\STM32F10x_StdPeriph_Driver\inc\stm32f10x_exti.h">
      <Filter>Library\Device-specific files</Filter>
    </ClInclude>
    <ClInclude Include="BSP\STM32F1xxxx\STM32F10x_StdPeriph_Driver\inc\stm32f10x_flash.h">
      <Filter>Library\Device-specific files</Filter>
    </ClInclude>
    <ClInclude Include="BSP\STM32F1xxxx\STM32F10x_StdPeriph_Driver\inc\stm32f10x_fsmc.h">
      <Filter>Library\Device-specific files</Filter>
    </ClInclude>
    <ClInclude Include="BSP\STM32F1xxxx\STM32F10x_StdPeriph_Driver\inc\stm32f10x_gpio.h">
      <Filter>Library\Device-specific files</Filter>
    </ClInclude>
    <ClInclude Include="BSP\STM32F1xxxx\STM32F10x_StdPeriph_Driver\inc\stm32f10x_i2c.h">
      <Filter>Library\Device-specific files</Filter>
    </ClInclude>
    <ClInclude Include="BSP\STM32F1xxxx\STM32F10x_StdPeriph_Driver\inc\stm32f10x_iwdg.h">
      <Filter>Library\Device-specific files</Filter>
    </ClInclude>
    <ClInclude Include="BSP\STM32F1xxxx\STM32F10x_StdPeriph_Driver\inc\stm32f10x_pwr.h">
      <Filter>Library\Device-specific files</Filter>
    </ClInclude>
    <ClInclude Include="BSP\STM32F1xxxx\STM32F10x_StdPeriph_Driver\inc\stm32f10x_rcc.h">
      <Filter>Library\Device-specific files</Filter>
    </ClInclude>
    <ClInclude Include="BSP\STM32F1xxxx\STM32F10x_StdPeriph_Driver\inc\stm32f10x_rtc.h">
      <Filter>Library\Device-specific files</Filter>
    </ClInclude>
    <ClInclude Include="BSP\STM32F1xxxx\STM32F10x_StdPeriph_Driver\inc\stm32f10x_sdio.h">
      <Filter>Library\Device-specific files</Filter>
    </ClInclude>
    <ClInclude Include="BSP\STM32F1xxxx\STM32F10x_StdPeriph_Driver\inc\stm32f10x_spi.h">
      <Filter>Library\Device-specific files</Filter>
    </ClInclude>
    <ClInclude Include="BSP\STM32F1xxxx\STM32F10x_StdPeriph_Driver\inc\stm32f10x_tim.h">
      <Filter>Library\Device-specific files</Filter>
    </ClInclude>
    <ClInclude Include="BSP\STM32F1xxxx\STM32F10x_StdPeriph_Driver\inc\stm32f10x_usart.h">
      <Filter>Library\Device-specific files</Filter>
    </ClInclude>
    <ClInclude Include="BSP\STM32F1xxxx\STM32F10x_StdPeriph_Driver\inc\stm32f10x_wwdg.h">
      <Filter>Library\Device-specific files</Filter>
    </ClInclude>
    <ClInclude Include="SysTimer.h" />
    <ClInclude Include="PPMGenerator.h" />
    <ClInclude Include="NRF2401L.h" />
    <ClInclude Include="SSD1306.h" />
    <ClInclude Include="font5x7.h" />
  </ItemGroup>
</Project>