
Microsoft Visual Studio Solution File, Format Version 12.00
# Visual Studio 2013
VisualStudioVersion = 12.0.31101.0
MinimumVisualStudioVersion = 10.0.40219.1
Project("{8BC9CEB8-8B4A-11D0-8D11-00A0C91BC942}") = "PWMCollector", "PWMCollector\PWMCollector.vcxproj", "{3F232412-7F63-4202-91EF-50CC0821A0D2}"
EndProject
Project("{8BC9CEB8-8B4A-11D0-8D11-00A0C91BC942}") = "PWM2PPMConverter", "PWM2PPMConverter\PWM2PPMConverter.vcxproj", "{9295319A-8BA5-4532-BF58-5810EFA873CB}"
EndProject
Project("{8BC9CEB8-8B4A-11D0-8D11-00A0C91BC942}") = "PPM2PWMOnBoardConverter", "PPM2PWMOnBoardConverter\PPM2PWMOnBoardConverter.vcxproj", "{16DE6585-1203-4EA1-9E0E-0383FF042EF3}"
EndProject
Project("{8BC9CEB8-8B4A-11D0-8D11-00A0C91BC942}") = "F4PWMConverter", "F4PWMConverter\F4PWMConverter.vcxproj", "{24250F12-B27B-4AD6-B5FE-630ADB7DADBB}"
EndProject
Project("{8BC9CEB8-8B4A-11D0-8D11-00A0C91BC942}") = "RCJOY.NRFClient", "RCJOY.NRFClient\RCJOY.NRFClient.vcxproj", "{2CDEFA9A-F8FF-42E2-B228-F8FC15484147}"
EndProject
Global
	GlobalSection(SolutionConfigurationPlatforms) = preSolution
		Debug|Win32 = Debug|Win32
		Release|Win32 = Release|Win32
	EndGlobalSection
	GlobalSection(ProjectConfigurationPlatforms) = postSolution
		{3F232412-7F63-4202-91EF-50CC0821A0D2}.Debug|Win32.ActiveCfg = Debug|Win32
		{3F232412-7F63-4202-91EF-50CC0821A0D2}.Debug|Win32.Build.0 = Debug|Win32
		{3F232412-7F63-4202-91EF-50CC0821A0D2}.Release|Win32.ActiveCfg = Release|Win32
		{3F232412-7F63-4202-91EF-50CC0821A0D2}.Release|Win32.Build.0 = Release|Win32
		{9295319A-8BA5-4532-BF58-5810EFA873CB}.Debug|Win32.ActiveCfg = Debug|Win32
		{9295319A-8BA5-4532-BF58-5810EFA873CB}.Debug|Win32.Build.0 = Debug|Win32
		{9295319A-8BA5-4532-BF58-5810EFA873CB}.Release|Win32.ActiveCfg = Release|Win32
		{9295319A-8BA5-4532-BF58-5810EFA873CB}.Release|Win32.Build.0 = Release|Win32
		{16DE6585-1203-4EA1-9E0E-0383FF042EF3}.Debug|Win32.ActiveCfg = Debug|Win32
		{16DE6585-1203-4EA1-9E0E-0383FF042EF3}.Debug|Win32.Build.0 = Debug|Win32
		{16DE6585-1203-4EA1-9E0E-0383FF042EF3}.Release|Win32.ActiveCfg = Release|Win32
		{16DE6585-1203-4EA1-9E0E-0383FF042EF3}.Release|Win32.Build.0 = Release|Win32
		{24250F12-B27B-4AD6-B5FE-630ADB7DADBB}.Debug|Win32.ActiveCfg = Debug|Win32
		{24250F12-B27B-4AD6-B5FE-630ADB7DADBB}.Debug|Win32.Build.0 = Debug|Win32
		{24250F12-B27B-4AD6-B5FE-630ADB7DADBB}.Release|Win32.ActiveCfg = Release|Win32
		{24250F12-B27B-4AD6-B5FE-630ADB7DADBB}.Release|Win32.Build.0 = Release|Win32
		{2CDEFA9A-F8FF-42E2-B228-F8FC15484147}.Debug|Win32.ActiveCfg = Debug|Win32
		{2CDEFA9A-F8FF-42E2-B228-F8FC15484147}.Debug|Win32.Build.0 = Debug|Win32
		{2CDEFA9A-F8FF-42E2-B228-F8FC15484147}.Release|Win32.ActiveCfg = Release|Win32
		{2CDEFA9A-F8FF-42E2-B228-F8FC15484147}.Release|Win32.Build.0 = Release|Win32
	EndGlobalSection
	GlobalSection(SolutionProperties) = preSolution
		HideSolutionNode = FALSE
	EndGlobalSection
EndGlobal
