
Microsoft Visual Studio Solution File, Format Version 12.00
# Visual Studio 2013
VisualStudioVersion = 12.0.21005.1
MinimumVisualStudioVersion = 10.0.40219.1
Project("{FAE04EC0-301F-11D3-BF4B-00C04F79EFBC}") = "RCJoyGUI", "RCJoyGUI\RCJoyGUI.csproj", "{9440DD9B-A9F7-47EE-88AD-F543CB9800A4}"
EndProject
Project("{8BC9CEB8-8B4A-11D0-8D11-00A0C91BC942}") = "RCJoy2560", "RCJoy2560\RCJoy2560.vcxproj", "{3D2F0D91-55A6-4312-ACF8-B17EDACD9BEC}"
EndProject
Project("{8BC9CEB8-8B4A-11D0-8D11-00A0C91BC942}") = "DescHEXReader", "DescHEXReader\DescHEXReader.vcxproj", "{DD0688FA-FF57-4896-BCAA-9E874B5FDB68}"
EndProject
Project("{8BC9CEB8-8B4A-11D0-8D11-00A0C91BC942}") = "XBeePPMBridge", "XBeePPMBridge\XBeePPMBridge.vcxproj", "{701E5273-4485-4698-9AA0-93ECF631A71B}"
EndProject
Project("{8BC9CEB8-8B4A-11D0-8D11-00A0C91BC942}") = "STM32F407DISC_RC_JOY", "STM32F407DISC_RC_JOY\STM32F407DISC_RC_JOY.vcxproj", "{6A701E1E-A516-4367-9966-A691105AC0C1}"
EndProject
Project("{2150E333-8FDC-42A3-9474-1A3956D46DE8}") = "Atmega", "Atmega", "{095EEE68-4AA4-4E58-9870-49396BE952BF}"
EndProject
Project("{8BC9CEB8-8B4A-11D0-8D11-00A0C91BC942}") = "ppm_encoder", "ppm_encoder\ppm_encoder.vcxproj", "{19293C69-3129-4FF6-A1AB-384C944B0B71}"
EndProject
Project("{8BC9CEB8-8B4A-11D0-8D11-00A0C91BC942}") = "ppm_decoder", "ppm_decoder\ppm_decoder.vcxproj", "{2F3B9CF4-F346-440C-A196-EAF5643139C4}"
EndProject
Global
	GlobalSection(TeamFoundationVersionControl) = preSolution
		SccNumberOfProjects = 8
		SccEnterpriseProvider = {4CA58AB2-18FA-4F8D-95D4-32DDF27D184C}
		SccTeamFoundationServer = https://rcjoy.visualstudio.com/defaultcollection
		SccLocalPath0 = .
		SccProjectUniqueName1 = DescHEXReader\\DescHEXReader.vcxproj
		SccProjectTopLevelParentUniqueName1 = RCJoy.sln
		SccProjectName1 = DescHEXReader
		SccLocalPath1 = DescHEXReader
		SccProjectUniqueName2 = RCJoy2560\\RCJoy2560.vcxproj
		SccProjectTopLevelParentUniqueName2 = RCJoy.sln
		SccProjectName2 = RCJoy2560
		SccLocalPath2 = RCJoy2560
		SccProjectUniqueName3 = RCJoyGUI\\RCJoyGUI.csproj
		SccProjectName3 = RCJoyGUI
		SccLocalPath3 = RCJoyGUI
		SccProjectUniqueName4 = STM32F407DISC_RC_JOY\\STM32F407DISC_RC_JOY.vcxproj
		SccProjectName4 = STM32F407DISC_RC_JOY
		SccLocalPath4 = STM32F407DISC_RC_JOY
		SccProjectUniqueName5 = XBeePPMBridge\\XBeePPMBridge.vcxproj
		SccProjectTopLevelParentUniqueName5 = RCJoy.sln
		SccProjectName5 = XBeePPMBridge
		SccLocalPath5 = XBeePPMBridge
		SccProjectUniqueName6 = ppm_encoder\\ppm_encoder.vcxproj
		SccProjectTopLevelParentUniqueName6 = RCJoy.sln
		SccProjectName6 = ppm_encoder
		SccLocalPath6 = ppm_encoder
		SccProjectUniqueName7 = ppm_decoder\\ppm_decoder.vcxproj
		SccProjectTopLevelParentUniqueName7 = RCJoy.sln
		SccProjectName7 = ppm_decoder
		SccLocalPath7 = ppm_decoder
	EndGlobalSection
	GlobalSection(SolutionConfigurationPlatforms) = preSolution
		Debug P407|Any CPU = Debug P407|Any CPU
		Debug P407|ARM = Debug P407|ARM
		Debug P407|Mixed Platforms = Debug P407|Mixed Platforms
		Debug P407|Win32 = Debug P407|Win32
		Debug|Any CPU = Debug|Any CPU
		Debug|ARM = Debug|ARM
		Debug|Mixed Platforms = Debug|Mixed Platforms
		Debug|Win32 = Debug|Win32
		Release P407|Any CPU = Release P407|Any CPU
		Release P407|ARM = Release P407|ARM
		Release P407|Mixed Platforms = Release P407|Mixed Platforms
		Release P407|Win32 = Release P407|Win32
		Release P407VE|Any CPU = Release P407VE|Any CPU
		Release P407VE|ARM = Release P407VE|ARM
		Release P407VE|Mixed Platforms = Release P407VE|Mixed Platforms
		Release P407VE|Win32 = Release P407VE|Win32
		Release|Any CPU = Release|Any CPU
		Release|ARM = Release|ARM
		Release|Mixed Platforms = Release|Mixed Platforms
		Release|Win32 = Release|Win32
	EndGlobalSection
	GlobalSection(ProjectConfigurationPlatforms) = postSolution
		{9440DD9B-A9F7-47EE-88AD-F543CB9800A4}.Debug P407|Any CPU.ActiveCfg = Debug|Any CPU
		{9440DD9B-A9F7-47EE-88AD-F543CB9800A4}.Debug P407|Any CPU.Build.0 = Debug|Any CPU
		{9440DD9B-A9F7-47EE-88AD-F543CB9800A4}.Debug P407|ARM.ActiveCfg = Debug|Any CPU
		{9440DD9B-A9F7-47EE-88AD-F543CB9800A4}.Debug P407|Mixed Platforms.ActiveCfg = Debug|Any CPU
		{9440DD9B-A9F7-47EE-88AD-F543CB9800A4}.Debug P407|Mixed Platforms.Build.0 = Debug|Any CPU
		{9440DD9B-A9F7-47EE-88AD-F543CB9800A4}.Debug P407|Mixed Platforms.Deploy.0 = Debug|Any CPU
		{9440DD9B-A9F7-47EE-88AD-F543CB9800A4}.Debug P407|Win32.ActiveCfg = Debug|Any CPU
		{9440DD9B-A9F7-47EE-88AD-F543CB9800A4}.Debug|Any CPU.ActiveCfg = Debug|Any CPU
		{9440DD9B-A9F7-47EE-88AD-F543CB9800A4}.Debug|Any CPU.Build.0 = Debug|Any CPU
		{9440DD9B-A9F7-47EE-88AD-F543CB9800A4}.Debug|ARM.ActiveCfg = Debug|Any CPU
		{9440DD9B-A9F7-47EE-88AD-F543CB9800A4}.Debug|Mixed Platforms.ActiveCfg = Debug|Any CPU
		{9440DD9B-A9F7-47EE-88AD-F543CB9800A4}.Debug|Mixed Platforms.Build.0 = Debug|Any CPU
		{9440DD9B-A9F7-47EE-88AD-F543CB9800A4}.Debug|Mixed Platforms.Deploy.0 = Debug|Any CPU
		{9440DD9B-A9F7-47EE-88AD-F543CB9800A4}.Debug|Win32.ActiveCfg = Debug|Any CPU
		{9440DD9B-A9F7-47EE-88AD-F543CB9800A4}.Release P407|Any CPU.ActiveCfg = Release|Any CPU
		{9440DD9B-A9F7-47EE-88AD-F543CB9800A4}.Release P407|Any CPU.Build.0 = Release|Any CPU
		{9440DD9B-A9F7-47EE-88AD-F543CB9800A4}.Release P407|ARM.ActiveCfg = Release|Any CPU
		{9440DD9B-A9F7-47EE-88AD-F543CB9800A4}.Release P407|Mixed Platforms.ActiveCfg = Release|Any CPU
		{9440DD9B-A9F7-47EE-88AD-F543CB9800A4}.Release P407|Mixed Platforms.Build.0 = Release|Any CPU
		{9440DD9B-A9F7-47EE-88AD-F543CB9800A4}.Release P407|Win32.ActiveCfg = Release|Any CPU
		{9440DD9B-A9F7-47EE-88AD-F543CB9800A4}.Release P407VE|Any CPU.ActiveCfg = Release|Any CPU
		{9440DD9B-A9F7-47EE-88AD-F543CB9800A4}.Release P407VE|Any CPU.Build.0 = Release|Any CPU
		{9440DD9B-A9F7-47EE-88AD-F543CB9800A4}.Release P407VE|ARM.ActiveCfg = Release|Any CPU
		{9440DD9B-A9F7-47EE-88AD-F543CB9800A4}.Release P407VE|Mixed Platforms.ActiveCfg = Release|Any CPU
		{9440DD9B-A9F7-47EE-88AD-F543CB9800A4}.Release P407VE|Mixed Platforms.Build.0 = Release|Any CPU
		{9440DD9B-A9F7-47EE-88AD-F543CB9800A4}.Release P407VE|Win32.ActiveCfg = Release|Any CPU
		{9440DD9B-A9F7-47EE-88AD-F543CB9800A4}.Release|Any CPU.ActiveCfg = Release|Any CPU
		{9440DD9B-A9F7-47EE-88AD-F543CB9800A4}.Release|Any CPU.Build.0 = Release|Any CPU
		{9440DD9B-A9F7-47EE-88AD-F543CB9800A4}.Release|ARM.ActiveCfg = Release|Any CPU
		{9440DD9B-A9F7-47EE-88AD-F543CB9800A4}.Release|Mixed Platforms.ActiveCfg = Release|Any CPU
		{9440DD9B-A9F7-47EE-88AD-F543CB9800A4}.Release|Mixed Platforms.Build.0 = Release|Any CPU
		{9440DD9B-A9F7-47EE-88AD-F543CB9800A4}.Release|Win32.ActiveCfg = Release|Any CPU
		{3D2F0D91-55A6-4312-ACF8-B17EDACD9BEC}.Debug P407|Any CPU.ActiveCfg = Debug|Win32
		{3D2F0D91-55A6-4312-ACF8-B17EDACD9BEC}.Debug P407|ARM.ActiveCfg = Debug|Win32
		{3D2F0D91-55A6-4312-ACF8-B17EDACD9BEC}.Debug P407|Mixed Platforms.ActiveCfg = Debug|ARM
		{3D2F0D91-55A6-4312-ACF8-B17EDACD9BEC}.Debug P407|Win32.ActiveCfg = Debug|Win32
		{3D2F0D91-55A6-4312-ACF8-B17EDACD9BEC}.Debug P407|Win32.Build.0 = Debug|Win32
		{3D2F0D91-55A6-4312-ACF8-B17EDACD9BEC}.Debug|Any CPU.ActiveCfg = Debug|Win32
		{3D2F0D91-55A6-4312-ACF8-B17EDACD9BEC}.Debug|ARM.ActiveCfg = Debug|Win32
		{3D2F0D91-55A6-4312-ACF8-B17EDACD9BEC}.Debug|Mixed Platforms.ActiveCfg = Debug|ARM
		{3D2F0D91-55A6-4312-ACF8-B17EDACD9BEC}.Debug|Win32.ActiveCfg = Debug|Win32
		{3D2F0D91-55A6-4312-ACF8-B17EDACD9BEC}.Debug|Win32.Build.0 = Debug|Win32
		{3D2F0D91-55A6-4312-ACF8-B17EDACD9BEC}.Release P407|Any CPU.ActiveCfg = Release|Win32
		{3D2F0D91-55A6-4312-ACF8-B17EDACD9BEC}.Release P407|ARM.ActiveCfg = Release|Win32
		{3D2F0D91-55A6-4312-ACF8-B17EDACD9BEC}.Release P407|Mixed Platforms.ActiveCfg = Release|ARM
		{3D2F0D91-55A6-4312-ACF8-B17EDACD9BEC}.Release P407|Win32.ActiveCfg = Release|Win32
		{3D2F0D91-55A6-4312-ACF8-B17EDACD9BEC}.Release P407|Win32.Build.0 = Release|Win32
		{3D2F0D91-55A6-4312-ACF8-B17EDACD9BEC}.Release P407VE|Any CPU.ActiveCfg = Release|Win32
		{3D2F0D91-55A6-4312-ACF8-B17EDACD9BEC}.Release P407VE|ARM.ActiveCfg = Release|Win32
		{3D2F0D91-55A6-4312-ACF8-B17EDACD9BEC}.Release P407VE|Mixed Platforms.ActiveCfg = Release|ARM
		{3D2F0D91-55A6-4312-ACF8-B17EDACD9BEC}.Release P407VE|Win32.ActiveCfg = Release|Win32
		{3D2F0D91-55A6-4312-ACF8-B17EDACD9BEC}.Release P407VE|Win32.Build.0 = Release|Win32
		{3D2F0D91-55A6-4312-ACF8-B17EDACD9BEC}.Release|Any CPU.ActiveCfg = Release|Win32
		{3D2F0D91-55A6-4312-ACF8-B17EDACD9BEC}.Release|ARM.ActiveCfg = Release|Win32
		{3D2F0D91-55A6-4312-ACF8-B17EDACD9BEC}.Release|Mixed Platforms.ActiveCfg = Release|ARM
		{3D2F0D91-55A6-4312-ACF8-B17EDACD9BEC}.Release|Win32.ActiveCfg = Release|Win32
		{3D2F0D91-55A6-4312-ACF8-B17EDACD9BEC}.Release|Win32.Build.0 = Release|Win32
		{DD0688FA-FF57-4896-BCAA-9E874B5FDB68}.Debug P407|Any CPU.ActiveCfg = Debug|Win32
		{DD0688FA-FF57-4896-BCAA-9E874B5FDB68}.Debug P407|ARM.ActiveCfg = Debug|Win32
		{DD0688FA-FF57-4896-BCAA-9E874B5FDB68}.Debug P407|Mixed Platforms.ActiveCfg = Debug|Win32
		{DD0688FA-FF57-4896-BCAA-9E874B5FDB68}.Debug P407|Win32.ActiveCfg = Debug|Win32
		{DD0688FA-FF57-4896-BCAA-9E874B5FDB68}.Debug P407|Win32.Build.0 = Debug|Win32
		{DD0688FA-FF57-4896-BCAA-9E874B5FDB68}.Debug|Any CPU.ActiveCfg = Debug|Win32
		{DD0688FA-FF57-4896-BCAA-9E874B5FDB68}.Debug|ARM.ActiveCfg = Debug|Win32
		{DD0688FA-FF57-4896-BCAA-9E874B5FDB68}.Debug|Mixed Platforms.ActiveCfg = Debug|Win32
		{DD0688FA-FF57-4896-BCAA-9E874B5FDB68}.Debug|Win32.ActiveCfg = Debug|Win32
		{DD0688FA-FF57-4896-BCAA-9E874B5FDB68}.Debug|Win32.Build.0 = Debug|Win32
		{DD0688FA-FF57-4896-BCAA-9E874B5FDB68}.Release P407|Any CPU.ActiveCfg = Release|Win32
		{DD0688FA-FF57-4896-BCAA-9E874B5FDB68}.Release P407|ARM.ActiveCfg = Release|Win32
		{DD0688FA-FF57-4896-BCAA-9E874B5FDB68}.Release P407|Mixed Platforms.ActiveCfg = Release|Win32
		{DD0688FA-FF57-4896-BCAA-9E874B5FDB68}.Release P407|Win32.ActiveCfg = Release|Win32
		{DD0688FA-FF57-4896-BCAA-9E874B5FDB68}.Release P407|Win32.Build.0 = Release|Win32
		{DD0688FA-FF57-4896-BCAA-9E874B5FDB68}.Release P407VE|Any CPU.ActiveCfg = Release|Win32
		{DD0688FA-FF57-4896-BCAA-9E874B5FDB68}.Release P407VE|ARM.ActiveCfg = Release|Win32
		{DD0688FA-FF57-4896-BCAA-9E874B5FDB68}.Release P407VE|Mixed Platforms.ActiveCfg = Release|Win32
		{DD0688FA-FF57-4896-BCAA-9E874B5FDB68}.Release P407VE|Win32.ActiveCfg = Release|Win32
		{DD0688FA-FF57-4896-BCAA-9E874B5FDB68}.Release P407VE|Win32.Build.0 = Release|Win32
		{DD0688FA-FF57-4896-BCAA-9E874B5FDB68}.Release|Any CPU.ActiveCfg = Release|Win32
		{DD0688FA-FF57-4896-BCAA-9E874B5FDB68}.Release|ARM.ActiveCfg = Release|Win32
		{DD0688FA-FF57-4896-BCAA-9E874B5FDB68}.Release|Mixed Platforms.ActiveCfg = Release|Win32
		{DD0688FA-FF57-4896-BCAA-9E874B5FDB68}.Release|Win32.ActiveCfg = Release|Win32
		{DD0688FA-FF57-4896-BCAA-9E874B5FDB68}.Release|Win32.Build.0 = Release|Win32
		{701E5273-4485-4698-9AA0-93ECF631A71B}.Debug P407|Any CPU.ActiveCfg = Debug|Win32
		{701E5273-4485-4698-9AA0-93ECF631A71B}.Debug P407|ARM.ActiveCfg = Debug|Win32
		{701E5273-4485-4698-9AA0-93ECF631A71B}.Debug P407|Mixed Platforms.ActiveCfg = Debug|Win32
		{701E5273-4485-4698-9AA0-93ECF631A71B}.Debug P407|Win32.ActiveCfg = Debug|Win32
		{701E5273-4485-4698-9AA0-93ECF631A71B}.Debug P407|Win32.Build.0 = Debug|Win32
		{701E5273-4485-4698-9AA0-93ECF631A71B}.Debug|Any CPU.ActiveCfg = Debug|Win32
		{701E5273-4485-4698-9AA0-93ECF631A71B}.Debug|ARM.ActiveCfg = Debug|Win32
		{701E5273-4485-4698-9AA0-93ECF631A71B}.Debug|Mixed Platforms.ActiveCfg = Debug|Win32
		{701E5273-4485-4698-9AA0-93ECF631A71B}.Debug|Win32.ActiveCfg = Debug|Win32
		{701E5273-4485-4698-9AA0-93ECF631A71B}.Debug|Win32.Build.0 = Debug|Win32
		{701E5273-4485-4698-9AA0-93ECF631A71B}.Release P407|Any CPU.ActiveCfg = Release|Win32
		{701E5273-4485-4698-9AA0-93ECF631A71B}.Release P407|ARM.ActiveCfg = Release|Win32
		{701E5273-4485-4698-9AA0-93ECF631A71B}.Release P407|Mixed Platforms.ActiveCfg = Release|Win32
		{701E5273-4485-4698-9AA0-93ECF631A71B}.Release P407|Win32.ActiveCfg = Release|Win32
		{701E5273-4485-4698-9AA0-93ECF631A71B}.Release P407|Win32.Build.0 = Release|Win32
		{701E5273-4485-4698-9AA0-93ECF631A71B}.Release P407VE|Any CPU.ActiveCfg = Release|Win32
		{701E5273-4485-4698-9AA0-93ECF631A71B}.Release P407VE|ARM.ActiveCfg = Release|Win32
		{701E5273-4485-4698-9AA0-93ECF631A71B}.Release P407VE|Mixed Platforms.ActiveCfg = Release|Win32
		{701E5273-4485-4698-9AA0-93ECF631A71B}.Release P407VE|Win32.ActiveCfg = Release|Win32
		{701E5273-4485-4698-9AA0-93ECF631A71B}.Release P407VE|Win32.Build.0 = Release|Win32
		{701E5273-4485-4698-9AA0-93ECF631A71B}.Release|Any CPU.ActiveCfg = Release|Win32
		{701E5273-4485-4698-9AA0-93ECF631A71B}.Release|ARM.ActiveCfg = Release|Win32
		{701E5273-4485-4698-9AA0-93ECF631A71B}.Release|Mixed Platforms.ActiveCfg = Release|Win32
		{701E5273-4485-4698-9AA0-93ECF631A71B}.Release|Win32.ActiveCfg = Release|Win32
		{701E5273-4485-4698-9AA0-93ECF631A71B}.Release|Win32.Build.0 = Release|Win32
		{6A701E1E-A516-4367-9966-A691105AC0C1}.Debug P407|Any CPU.ActiveCfg = Debug P407|Win32
		{6A701E1E-A516-4367-9966-A691105AC0C1}.Debug P407|Any CPU.Build.0 = Debug P407|Win32
		{6A701E1E-A516-4367-9966-A691105AC0C1}.Debug P407|ARM.ActiveCfg = Debug|Win32
		{6A701E1E-A516-4367-9966-A691105AC0C1}.Debug P407|Mixed Platforms.ActiveCfg = Debug|Win32
		{6A701E1E-A516-4367-9966-A691105AC0C1}.Debug P407|Mixed Platforms.Build.0 = Debug|Win32
		{6A701E1E-A516-4367-9966-A691105AC0C1}.Debug P407|Win32.ActiveCfg = Debug|Win32
		{6A701E1E-A516-4367-9966-A691105AC0C1}.Debug P407|Win32.Build.0 = Debug|Win32
		{6A701E1E-A516-4367-9966-A691105AC0C1}.Debug|Any CPU.ActiveCfg = Debug|Win32
		{6A701E1E-A516-4367-9966-A691105AC0C1}.Debug|Any CPU.Build.0 = Debug|Win32
		{6A701E1E-A516-4367-9966-A691105AC0C1}.Debug|ARM.ActiveCfg = Debug|Win32
		{6A701E1E-A516-4367-9966-A691105AC0C1}.Debug|Mixed Platforms.ActiveCfg = Debug|Win32
		{6A701E1E-A516-4367-9966-A691105AC0C1}.Debug|Mixed Platforms.Build.0 = Debug|Win32
		{6A701E1E-A516-4367-9966-A691105AC0C1}.Debug|Win32.ActiveCfg = Debug|Win32
		{6A701E1E-A516-4367-9966-A691105AC0C1}.Debug|Win32.Build.0 = Debug|Win32
		{6A701E1E-A516-4367-9966-A691105AC0C1}.Release P407|Any CPU.ActiveCfg = Release P407|Win32
		{6A701E1E-A516-4367-9966-A691105AC0C1}.Release P407|Any CPU.Build.0 = Release P407|Win32
		{6A701E1E-A516-4367-9966-A691105AC0C1}.Release P407|ARM.ActiveCfg = Release|Win32
		{6A701E1E-A516-4367-9966-A691105AC0C1}.Release P407|Mixed Platforms.ActiveCfg = Release|Win32
		{6A701E1E-A516-4367-9966-A691105AC0C1}.Release P407|Mixed Platforms.Build.0 = Release|Win32
		{6A701E1E-A516-4367-9966-A691105AC0C1}.Release P407|Win32.ActiveCfg = Release|Win32
		{6A701E1E-A516-4367-9966-A691105AC0C1}.Release P407|Win32.Build.0 = Release|Win32
		{6A701E1E-A516-4367-9966-A691105AC0C1}.Release P407VE|Any CPU.ActiveCfg = Release P407VE|Win32
		{6A701E1E-A516-4367-9966-A691105AC0C1}.Release P407VE|Any CPU.Build.0 = Release P407VE|Win32
		{6A701E1E-A516-4367-9966-A691105AC0C1}.Release P407VE|ARM.ActiveCfg = Release|Win32
		{6A701E1E-A516-4367-9966-A691105AC0C1}.Release P407VE|Mixed Platforms.ActiveCfg = Release|Win32
		{6A701E1E-A516-4367-9966-A691105AC0C1}.Release P407VE|Mixed Platforms.Build.0 = Release|Win32
		{6A701E1E-A516-4367-9966-A691105AC0C1}.Release P407VE|Win32.ActiveCfg = Release|Win32
		{6A701E1E-A516-4367-9966-A691105AC0C1}.Release P407VE|Win32.Build.0 = Release|Win32
		{6A701E1E-A516-4367-9966-A691105AC0C1}.Release|Any CPU.ActiveCfg = Release|Win32
		{6A701E1E-A516-4367-9966-A691105AC0C1}.Release|Any CPU.Build.0 = Release|Win32
		{6A701E1E-A516-4367-9966-A691105AC0C1}.Release|ARM.ActiveCfg = Release|Win32
		{6A701E1E-A516-4367-9966-A691105AC0C1}.Release|Mixed Platforms.ActiveCfg = Release|Win32
		{6A701E1E-A516-4367-9966-A691105AC0C1}.Release|Mixed Platforms.Build.0 = Release|Win32
		{6A701E1E-A516-4367-9966-A691105AC0C1}.Release|Win32.ActiveCfg = Release|Win32
		{6A701E1E-A516-4367-9966-A691105AC0C1}.Release|Win32.Build.0 = Release|Win32
		{19293C69-3129-4FF6-A1AB-384C944B0B71}.Debug P407|Any CPU.ActiveCfg = Debug|Win32
		{19293C69-3129-4FF6-A1AB-384C944B0B71}.Debug P407|ARM.ActiveCfg = Debug|Win32
		{19293C69-3129-4FF6-A1AB-384C944B0B71}.Debug P407|Mixed Platforms.ActiveCfg = Debug|Win32
		{19293C69-3129-4FF6-A1AB-384C944B0B71}.Debug P407|Mixed Platforms.Build.0 = Debug|Win32
		{19293C69-3129-4FF6-A1AB-384C944B0B71}.Debug P407|Win32.ActiveCfg = Debug|Win32
		{19293C69-3129-4FF6-A1AB-384C944B0B71}.Debug P407|Win32.Build.0 = Debug|Win32
		{19293C69-3129-4FF6-A1AB-384C944B0B71}.Debug|Any CPU.ActiveCfg = Debug|Win32
		{19293C69-3129-4FF6-A1AB-384C944B0B71}.Debug|ARM.ActiveCfg = Debug|Win32
		{19293C69-3129-4FF6-A1AB-384C944B0B71}.Debug|Mixed Platforms.ActiveCfg = Debug|Win32
		{19293C69-3129-4FF6-A1AB-384C944B0B71}.Debug|Mixed Platforms.Build.0 = Debug|Win32
		{19293C69-3129-4FF6-A1AB-384C944B0B71}.Debug|Win32.ActiveCfg = Debug|Win32
		{19293C69-3129-4FF6-A1AB-384C944B0B71}.Debug|Win32.Build.0 = Debug|Win32
		{19293C69-3129-4FF6-A1AB-384C944B0B71}.Release P407|Any CPU.ActiveCfg = Release|Win32
		{19293C69-3129-4FF6-A1AB-384C944B0B71}.Release P407|ARM.ActiveCfg = Release|Win32
		{19293C69-3129-4FF6-A1AB-384C944B0B71}.Release P407|Mixed Platforms.ActiveCfg = Release|Win32
		{19293C69-3129-4FF6-A1AB-384C944B0B71}.Release P407|Mixed Platforms.Build.0 = Release|Win32
		{19293C69-3129-4FF6-A1AB-384C944B0B71}.Release P407|Win32.ActiveCfg = Release|Win32
		{19293C69-3129-4FF6-A1AB-384C944B0B71}.Release P407|Win32.Build.0 = Release|Win32
		{19293C69-3129-4FF6-A1AB-384C944B0B71}.Release P407VE|Any CPU.ActiveCfg = Release|Win32
		{19293C69-3129-4FF6-A1AB-384C944B0B71}.Release P407VE|ARM.ActiveCfg = Release|Win32
		{19293C69-3129-4FF6-A1AB-384C944B0B71}.Release P407VE|Mixed Platforms.ActiveCfg = Release|Win32
		{19293C69-3129-4FF6-A1AB-384C944B0B71}.Release P407VE|Mixed Platforms.Build.0 = Release|Win32
		{19293C69-3129-4FF6-A1AB-384C944B0B71}.Release P407VE|Win32.ActiveCfg = Release|Win32
		{19293C69-3129-4FF6-A1AB-384C944B0B71}.Release P407VE|Win32.Build.0 = Release|Win32
		{19293C69-3129-4FF6-A1AB-384C944B0B71}.Release|Any CPU.ActiveCfg = Release|Win32
		{19293C69-3129-4FF6-A1AB-384C944B0B71}.Release|ARM.ActiveCfg = Release|Win32
		{19293C69-3129-4FF6-A1AB-384C944B0B71}.Release|Mixed Platforms.ActiveCfg = Release|Win32
		{19293C69-3129-4FF6-A1AB-384C944B0B71}.Release|Mixed Platforms.Build.0 = Release|Win32
		{19293C69-3129-4FF6-A1AB-384C944B0B71}.Release|Win32.ActiveCfg = Release|Win32
		{19293C69-3129-4FF6-A1AB-384C944B0B71}.Release|Win32.Build.0 = Release|Win32
		{2F3B9CF4-F346-440C-A196-EAF5643139C4}.Debug P407|Any CPU.ActiveCfg = Debug|Win32
		{2F3B9CF4-F346-440C-A196-EAF5643139C4}.Debug P407|ARM.ActiveCfg = Debug|Win32
		{2F3B9CF4-F346-440C-A196-EAF5643139C4}.Debug P407|Mixed Platforms.ActiveCfg = Debug|Win32
		{2F3B9CF4-F346-440C-A196-EAF5643139C4}.Debug P407|Mixed Platforms.Build.0 = Debug|Win32
		{2F3B9CF4-F346-440C-A196-EAF5643139C4}.Debug P407|Win32.ActiveCfg = Debug|Win32
		{2F3B9CF4-F346-440C-A196-EAF5643139C4}.Debug P407|Win32.Build.0 = Debug|Win32
		{2F3B9CF4-F346-440C-A196-EAF5643139C4}.Debug|Any CPU.ActiveCfg = Debug|Win32
		{2F3B9CF4-F346-440C-A196-EAF5643139C4}.Debug|ARM.ActiveCfg = Debug|Win32
		{2F3B9CF4-F346-440C-A196-EAF5643139C4}.Debug|Mixed Platforms.ActiveCfg = Debug|Win32
		{2F3B9CF4-F346-440C-A196-EAF5643139C4}.Debug|Mixed Platforms.Build.0 = Debug|Win32
		{2F3B9CF4-F346-440C-A196-EAF5643139C4}.Debug|Win32.ActiveCfg = Debug|Win32
		{2F3B9CF4-F346-440C-A196-EAF5643139C4}.Debug|Win32.Build.0 = Debug|Win32
		{2F3B9CF4-F346-440C-A196-EAF5643139C4}.Release P407|Any CPU.ActiveCfg = Release|Win32
		{2F3B9CF4-F346-440C-A196-EAF5643139C4}.Release P407|ARM.ActiveCfg = Release|Win32
		{2F3B9CF4-F346-440C-A196-EAF5643139C4}.Release P407|Mixed Platforms.ActiveCfg = Release|Win32
		{2F3B9CF4-F346-440C-A196-EAF5643139C4}.Release P407|Mixed Platforms.Build.0 = Release|Win32
		{2F3B9CF4-F346-440C-A196-EAF5643139C4}.Release P407|Win32.ActiveCfg = Release|Win32
		{2F3B9CF4-F346-440C-A196-EAF5643139C4}.Release P407|Win32.Build.0 = Release|Win32
		{2F3B9CF4-F346-440C-A196-EAF5643139C4}.Release P407VE|Any CPU.ActiveCfg = Release|Win32
		{2F3B9CF4-F346-440C-A196-EAF5643139C4}.Release P407VE|ARM.ActiveCfg = Release|Win32
		{2F3B9CF4-F346-440C-A196-EAF5643139C4}.Release P407VE|Mixed Platforms.ActiveCfg = Release|Win32
		{2F3B9CF4-F346-440C-A196-EAF5643139C4}.Release P407VE|Mixed Platforms.Build.0 = Release|Win32
		{2F3B9CF4-F346-440C-A196-EAF5643139C4}.Release P407VE|Win32.ActiveCfg = Release|Win32
		{2F3B9CF4-F346-440C-A196-EAF5643139C4}.Release P407VE|Win32.Build.0 = Release|Win32
		{2F3B9CF4-F346-440C-A196-EAF5643139C4}.Release|Any CPU.ActiveCfg = Release|Win32
		{2F3B9CF4-F346-440C-A196-EAF5643139C4}.Release|ARM.ActiveCfg = Release|Win32
		{2F3B9CF4-F346-440C-A196-EAF5643139C4}.Release|Mixed Platforms.ActiveCfg = Release|Win32
		{2F3B9CF4-F346-440C-A196-EAF5643139C4}.Release|Mixed Platforms.Build.0 = Release|Win32
		{2F3B9CF4-F346-440C-A196-EAF5643139C4}.Release|Win32.ActiveCfg = Release|Win32
		{2F3B9CF4-F346-440C-A196-EAF5643139C4}.Release|Win32.Build.0 = Release|Win32
	EndGlobalSection
	GlobalSection(SolutionProperties) = preSolution
		HideSolutionNode = FALSE
	EndGlobalSection
	GlobalSection(NestedProjects) = preSolution
		{DD0688FA-FF57-4896-BCAA-9E874B5FDB68} = {095EEE68-4AA4-4E58-9870-49396BE952BF}
		{701E5273-4485-4698-9AA0-93ECF631A71B} = {095EEE68-4AA4-4E58-9870-49396BE952BF}
		{3D2F0D91-55A6-4312-ACF8-B17EDACD9BEC} = {095EEE68-4AA4-4E58-9870-49396BE952BF}
		{19293C69-3129-4FF6-A1AB-384C944B0B71} = {095EEE68-4AA4-4E58-9870-49396BE952BF}
		{2F3B9CF4-F346-440C-A196-EAF5643139C4} = {095EEE68-4AA4-4E58-9870-49396BE952BF}
	EndGlobalSection
EndGlobal
