<?xml version="1.0" encoding="utf-8"?>
<Project ToolsVersion="4.0" xmlns="http://schemas.microsoft.com/developer/msbuild/2003">
  <ItemGroup>
    <Filter Include="Resource files">
      <UniqueIdentifier>{cc76a2d5-d3b2-45db-aad7-1ebf03cab0b4}</UniqueIdentifier>
      <Extensions>rc;ico;cur;bmp;dlg;rc2;rct;bin;rgs;gif;jpg;jpeg;jpe;resx;tiff;tif;png;wav</Extensions>
    </Filter>
    <Filter Include="Make files">
      <UniqueIdentifier>{b88c7db7-8226-4536-8377-0c876f8e99e4}</UniqueIdentifier>
      <Extensions>*.mak</Extensions>
    </Filter>
    <Filter Include="Libs">
      <UniqueIdentifier>{cd930193-2c3b-4db0-ba9b-37baa26894de}</UniqueIdentifier>
    </Filter>
    <Filter Include="Libs\Device-specific files">
      <UniqueIdentifier>{4809f4a7-8147-4c57-8d04-6faca86a9514}</UniqueIdentifier>
    </Filter>
    <Filter Include="Resource files\Device-specific files">
      <UniqueIdentifier>{475f43dc-0a08-438a-8f2c-ebf24318959e}</UniqueIdentifier>
    </Filter>
  </ItemGroup>
  <ItemGroup>
    <ClCompile Include="C:\Users\SAK\AppData\Local\VisualGDB\EmbeddedBSPs\arm-eabi\com.sysprogs.arm.stm32\STM32F1xxxx\CMSIS\CM3\CoreSupport\core_cm3.c">
      <Filter>Libs\Device-specific files</Filter>
    </ClCompile>
    <ClCompile Include="C:\Users\SAK\AppData\Local\VisualGDB\EmbeddedBSPs\arm-eabi\com.sysprogs.arm.stm32\STM32F1xxxx\CMSIS\CM3\DeviceSupport\ST\STM32F10x\system_stm32f10x.c">
      <Filter>Libs\Device-specific files</Filter>
    </ClCompile>
    <ClCompile Include="C:\Users\SAK\AppData\Local\VisualGDB\EmbeddedBSPs\arm-eabi\com.sysprogs.arm.stm32\STM32F1xxxx\STM32F10x_StdPeriph_Driver\src\misc.c">
      <Filter>Libs\Device-specific files</Filter>
    </ClCompile>
    <ClCompile Include="C:\Users\SAK\AppData\Local\VisualGDB\EmbeddedBSPs\arm-eabi\com.sysprogs.arm.stm32\STM32F1xxxx\STM32F10x_StdPeriph_Driver\src\stm32f10x_adc.c">
      <Filter>Libs\Device-specific files</Filter>
    </ClCompile>
    <ClCompile Include="C:\Users\SAK\AppData\Local\VisualGDB\EmbeddedBSPs\arm-eabi\com.sysprogs.arm.stm32\STM32F1xxxx\STM32F10x_StdPeriph_Driver\src\stm32f10x_bkp.c">
      <Filter>Libs\Device-specific files</Filter>
    </ClCompile>
    <ClCompile Include="C:\Users\SAK\AppData\Local\VisualGDB\EmbeddedBSPs\arm-eabi\com.sysprogs.arm.stm32\STM32F1xxxx\STM32F10x_StdPeriph_Driver\src\stm32f10x_can.c">
      <Filter>Libs\Device-specific files</Filter>
    </ClCompile>
    <ClCompile Include="C:\Users\SAK\AppData\Local\VisualGDB\EmbeddedBSPs\arm-eabi\com.sysprogs.arm.stm32\STM32F1xxxx\STM32F10x_StdPeriph_Driver\src\stm32f10x_cec.c">
      <Filter>Libs\Device-specific files</Filter>
    </ClCompile>
    <ClCompile Include="C:\Users\SAK\AppData\Local\VisualGDB\EmbeddedBSPs\arm-eabi\com.sysprogs.arm.stm32\STM32F1xxxx\STM32F10x_StdPeriph_Driver\src\stm32f10x_crc.c">
      <Filter>Libs\Device-specific files</Filter>
    </ClCompile>
    <ClCompile Include="C:\Users\SAK\AppData\Local\VisualGDB\EmbeddedBSPs\arm-eabi\com.sysprogs.arm.stm32\STM32F1xxxx\STM32F10x_StdPeriph_Driver\src\stm32f10x_dac.c">
      <Filter>Libs\Device-specific files</Filter>
    </ClCompile>
    <ClCompile Include="C:\Users\SAK\AppData\Local\VisualGDB\EmbeddedBSPs\arm-eabi\com.sysprogs.arm.stm32\STM32F1xxxx\STM32F10x_StdPeriph_Driver\src\stm32f10x_dbgmcu.c">
      <Filter>Libs\Device-specific files</Filter>
    </ClCompile>
    <ClCompile Include="C:\Users\SAK\AppData\Local\VisualGDB\EmbeddedBSPs\arm-eabi\com.sysprogs.arm.stm32\STM32F1xxxx\STM32F10x_StdPeriph_Driver\src\stm32f10x_dma.c">
      <Filter>Libs\Device-specific files</Filter>
    </ClCompile>
    <ClCompile Include="C:\Users\SAK\AppData\Local\VisualGDB\EmbeddedBSPs\arm-eabi\com.sysprogs.arm.stm32\STM32F1xxxx\STM32F10x_StdPeriph_Driver\src\stm32f10x_exti.c">
      <Filter>Libs\Device-specific files</Filter>
    </ClCompile>
    <ClCompile Include="C:\Users\SAK\AppData\Local\VisualGDB\EmbeddedBSPs\arm-eabi\com.sysprogs.arm.stm32\STM32F1xxxx\STM32F10x_StdPeriph_Driver\src\stm32f10x_flash.c">
      <Filter>Libs\Device-specific files</Filter>
    </ClCompile>
    <ClCompile Include="C:\Users\SAK\AppData\Local\VisualGDB\EmbeddedBSPs\arm-eabi\com.sysprogs.arm.stm32\STM32F1xxxx\STM32F10x_StdPeriph_Driver\src\stm32f10x_fsmc.c">
      <Filter>Libs\Device-specific files</Filter>
    </ClCompile>
    <ClCompile Include="C:\Users\SAK\AppData\Local\VisualGDB\EmbeddedBSPs\arm-eabi\com.sysprogs.arm.stm32\STM32F1xxxx\STM32F10x_StdPeriph_Driver\src\stm32f10x_gpio.c">
      <Filter>Libs\Device-specific files</Filter>
    </ClCompile>
    <ClCompile Include="C:\Users\SAK\AppData\Local\VisualGDB\EmbeddedBSPs\arm-eabi\com.sysprogs.arm.stm32\STM32F1xxxx\STM32F10x_StdPeriph_Driver\src\stm32f10x_i2c.c">
      <Filter>Libs\Device-specific files</Filter>
    </ClCompile>
    <ClCompile Include="C:\Users\SAK\AppData\Local\VisualGDB\EmbeddedBSPs\arm-eabi\com.sysprogs.arm.stm32\STM32F1xxxx\STM32F10x_StdPeriph_Driver\src\stm32f10x_iwdg.c">
      <Filter>Libs\Device-specific files</Filter>
    </ClCompile>
    <ClCompile Include="C:\Users\SAK\AppData\Local\VisualGDB\EmbeddedBSPs\arm-eabi\com.sysprogs.arm.stm32\STM32F1xxxx\STM32F10x_StdPeriph_Driver\src\stm32f10x_pwr.c">
      <Filter>Libs\Device-specific files</Filter>
    </ClCompile>
    <ClCompile Include="C:\Users\SAK\AppData\Local\VisualGDB\EmbeddedBSPs\arm-eabi\com.sysprogs.arm.stm32\STM32F1xxxx\STM32F10x_StdPeriph_Driver\src\stm32f10x_rcc.c">
      <Filter>Libs\Device-specific files</Filter>
    </ClCompile>
    <ClCompile Include="C:\Users\SAK\AppData\Local\VisualGDB\EmbeddedBSPs\arm-eabi\com.sysprogs.arm.stm32\STM32F1xxxx\STM32F10x_StdPeriph_Driver\src\stm32f10x_rtc.c">
      <Filter>Libs\Device-specific files</Filter>
    </ClCompile>
    <ClCompile Include="C:\Users\SAK\AppData\Local\VisualGDB\EmbeddedBSPs\arm-eabi\com.sysprogs.arm.stm32\STM32F1xxxx\STM32F10x_StdPeriph_Driver\src\stm32f10x_sdio.c">
      <Filter>Libs\Device-specific files</Filter>
    </ClCompile>
    <ClCompile Include="C:\Users\SAK\AppData\Local\VisualGDB\EmbeddedBSPs\arm-eabi\com.sysprogs.arm.stm32\STM32F1xxxx\STM32F10x_StdPeriph_Driver\src\stm32f10x_spi.c">
      <Filter>Libs\Device-specific files</Filter>
    </ClCompile>
    <ClCompile Include="C:\Users\SAK\AppData\Local\VisualGDB\EmbeddedBSPs\arm-eabi\com.sysprogs.arm.stm32\STM32F1xxxx\STM32F10x_StdPeriph_Driver\src\stm32f10x_tim.c">
      <Filter>Libs\Device-specific files</Filter>
    </ClCompile>
    <ClCompile Include="C:\Users\SAK\AppData\Local\VisualGDB\EmbeddedBSPs\arm-eabi\com.sysprogs.arm.stm32\STM32F1xxxx\STM32F10x_StdPeriph_Driver\src\stm32f10x_usart.c">
      <Filter>Libs\Device-specific files</Filter>
    </ClCompile>
    <ClCompile Include="C:\Users\SAK\AppData\Local\VisualGDB\EmbeddedBSPs\arm-eabi\com.sysprogs.arm.stm32\STM32F1xxxx\STM32F10x_StdPeriph_Driver\src\stm32f10x_wwdg.c">
      <Filter>Libs\Device-specific files</Filter>
    </ClCompile>
    <ClCompile Include="main.cpp" />
    <ClCompile Include="PPMGenerator.c" />
    <ClCompile Include="SysTimer.c" />
    <ClCompile Include="PWMTimerReader.c" />
    <ClCompile Include="C:\Users\SAK\AppData\Local\VisualGDB\EmbeddedBSPs\arm-eabi\com.sysprogs.arm.stm32\STM32F1xxxx\Startup\startup_stm32f10x_md.c">
      <Filter>Resource files\Device-specific files</Filter>
    </ClCompile>
  </ItemGroup>
  <ItemGroup>
    <None Include="Makefile" />
    <None Include="debug.mak">
      <Filter>Make files</Filter>
    </None>
    <None Include="release.mak">
      <Filter>Make files</Filter>
    </None>
    <None Include="stm32.mak">
      <Filter>Libs\Device-specific files</Filter>
    </None>
  </ItemGroup>
  <ItemGroup>
    <ClInclude Include="C:\Users\SAK\AppData\Local\VisualGDB\EmbeddedBSPs\arm-eabi\com.sysprogs.arm.stm32\STM32F1xxxx\CMSIS\CM3\CoreSupport\core_cm3.h">
      <Filter>Libs\Device-specific files</Filter>
    </ClInclude>
    <ClInclude Include="C:\Users\SAK\AppData\Local\VisualGDB\EmbeddedBSPs\arm-eabi\com.sysprogs.arm.stm32\STM32F1xxxx\STM32F10x_StdPeriph_Driver\inc\misc.h">
      <Filter>Libs\Device-specific files</Filter>
    </ClInclude>
    <ClInclude Include="C:\Users\SAK\AppData\Local\VisualGDB\EmbeddedBSPs\arm-eabi\com.sysprogs.arm.stm32\STM32F1xxxx\CMSIS\CM3\DeviceSupport\ST\STM32F10x\stm32f10x.h">
      <Filter>Libs\Device-specific files</Filter>
    </ClInclude>
    <ClInclude Include="C:\Users\SAK\AppData\Local\VisualGDB\EmbeddedBSPs\arm-eabi\com.sysprogs.arm.stm32\STM32F1xxxx\STM32F10x_StdPeriph_Driver\inc\stm32f10x_adc.h">
      <Filter>Libs\Device-specific files</Filter>
    </ClInclude>
    <ClInclude Include="C:\Users\SAK\AppData\Local\VisualGDB\EmbeddedBSPs\arm-eabi\com.sysprogs.arm.stm32\STM32F1xxxx\STM32F10x_StdPeriph_Driver\inc\stm32f10x_bkp.h">
      <Filter>Libs\Device-specific files</Filter>
    </ClInclude>
    <ClInclude Include="C:\Users\SAK\AppData\Local\VisualGDB\EmbeddedBSPs\arm-eabi\com.sysprogs.arm.stm32\STM32F1xxxx\STM32F10x_StdPeriph_Driver\inc\stm32f10x_can.h">
      <Filter>Libs\Device-specific files</Filter>
    </ClInclude>
    <ClInclude Include="C:\Users\SAK\AppData\Local\VisualGDB\EmbeddedBSPs\arm-eabi\com.sysprogs.arm.stm32\STM32F1xxxx\STM32F10x_StdPeriph_Driver\inc\stm32f10x_cec.h">
      <Filter>Libs\Device-specific files</Filter>
    </ClInclude>
    <ClInclude Include="C:\Users\SAK\AppData\Local\VisualGDB\EmbeddedBSPs\arm-eabi\com.sysprogs.arm.stm32\STM32F1xxxx\STM32F10x_StdPeriph_Driver\inc\stm32f10x_crc.h">
      <Filter>Libs\Device-specific files</Filter>
    </ClInclude>
    <ClInclude Include="C:\Users\SAK\AppData\Local\VisualGDB\EmbeddedBSPs\arm-eabi\com.sysprogs.arm.stm32\STM32F1xxxx\STM32F10x_StdPeriph_Driver\inc\stm32f10x_dac.h">
      <Filter>Libs\Device-specific files</Filter>
    </ClInclude>
    <ClInclude Include="C:\Users\SAK\AppData\Local\VisualGDB\EmbeddedBSPs\arm-eabi\com.sysprogs.arm.stm32\STM32F1xxxx\STM32F10x_StdPeriph_Driver\inc\stm32f10x_dbgmcu.h">
      <Filter>Libs\Device-specific files</Filter>
    </ClInclude>
    <ClInclude Include="C:\Users\SAK\AppData\Local\VisualGDB\EmbeddedBSPs\arm-eabi\com.sysprogs.arm.stm32\STM32F1xxxx\STM32F10x_StdPeriph_Driver\inc\stm32f10x_dma.h">
      <Filter>Libs\Device-specific files</Filter>
    </ClInclude>
    <ClInclude Include="C:\Users\SAK\AppData\Local\VisualGDB\EmbeddedBSPs\arm-eabi\com.sysprogs.arm.stm32\STM32F1xxxx\STM32F10x_StdPeriph_Driver\inc\stm32f10x_exti.h">
      <Filter>Libs\Device-specific files</Filter>
    </ClInclude>
    <ClInclude Include="C:\Users\SAK\AppData\Local\VisualGDB\EmbeddedBSPs\arm-eabi\com.sysprogs.arm.stm32\STM32F1xxxx\STM32F10x_StdPeriph_Driver\inc\stm32f10x_flash.h">
      <Filter>Libs\Device-specific files</Filter>
    </ClInclude>
    <ClInclude Include="C:\Users\SAK\AppData\Local\VisualGDB\EmbeddedBSPs\arm-eabi\com.sysprogs.arm.stm32\STM32F1xxxx\STM32F10x_StdPeriph_Driver\inc\stm32f10x_fsmc.h">
      <Filter>Libs\Device-specific files</Filter>
    </ClInclude>
    <ClInclude Include="C:\Users\SAK\AppData\Local\VisualGDB\EmbeddedBSPs\arm-eabi\com.sysprogs.arm.stm32\STM32F1xxxx\STM32F10x_StdPeriph_Driver\inc\stm32f10x_gpio.h">
      <Filter>Libs\Device-specific files</Filter>
    </ClInclude>
    <ClInclude Include="C:\Users\SAK\AppData\Local\VisualGDB\EmbeddedBSPs\arm-eabi\com.sysprogs.arm.stm32\STM32F1xxxx\STM32F10x_StdPeriph_Driver\inc\stm32f10x_i2c.h">
      <Filter>Libs\Device-specific files</Filter>
    </ClInclude>
    <ClInclude Include="C:\Users\SAK\AppData\Local\VisualGDB\EmbeddedBSPs\arm-eabi\com.sysprogs.arm.stm32\STM32F1xxxx\STM32F10x_StdPeriph_Driver\inc\stm32f10x_iwdg.h">
      <Filter>Libs\Device-specific files</Filter>
    </ClInclude>
    <ClInclude Include="C:\Users\SAK\AppData\Local\VisualGDB\EmbeddedBSPs\arm-eabi\com.sysprogs.arm.stm32\STM32F1xxxx\STM32F10x_StdPeriph_Driver\inc\stm32f10x_pwr.h">
      <Filter>Libs\Device-specific files</Filter>
    </ClInclude>
    <ClInclude Include="C:\Users\SAK\AppData\Local\VisualGDB\EmbeddedBSPs\arm-eabi\com.sysprogs.arm.stm32\STM32F1xxxx\STM32F10x_StdPeriph_Driver\inc\stm32f10x_rcc.h">
      <Filter>Libs\Device-specific files</Filter>
    </ClInclude>
    <ClInclude Include="C:\Users\SAK\AppData\Local\VisualGDB\EmbeddedBSPs\arm-eabi\com.sysprogs.arm.stm32\STM32F1xxxx\STM32F10x_StdPeriph_Driver\inc\stm32f10x_rtc.h">
      <Filter>Libs\Device-specific files</Filter>
    </ClInclude>
    <ClInclude Include="C:\Users\SAK\AppData\Local\VisualGDB\EmbeddedBSPs\arm-eabi\com.sysprogs.arm.stm32\STM32F1xxxx\STM32F10x_StdPeriph_Driver\inc\stm32f10x_sdio.h">
      <Filter>Libs\Device-specific files</Filter>
    </ClInclude>
    <ClInclude Include="C:\Users\SAK\AppData\Local\VisualGDB\EmbeddedBSPs\arm-eabi\com.sysprogs.arm.stm32\STM32F1xxxx\STM32F10x_StdPeriph_Driver\inc\stm32f10x_spi.h">
      <Filter>Libs\Device-specific files</Filter>
    </ClInclude>
    <ClInclude Include="C:\Users\SAK\AppData\Local\VisualGDB\EmbeddedBSPs\arm-eabi\com.sysprogs.arm.stm32\STM32F1xxxx\STM32F10x_StdPeriph_Driver\inc\stm32f10x_tim.h">
      <Filter>Libs\Device-specific files</Filter>
    </ClInclude>
    <ClInclude Include="C:\Users\SAK\AppData\Local\VisualGDB\EmbeddedBSPs\arm-eabi\com.sysprogs.arm.stm32\STM32F1xxxx\STM32F10x_StdPeriph_Driver\inc\stm32f10x_usart.h">
      <Filter>Libs\Device-specific files</Filter>
    </ClInclude>
    <ClInclude Include="C:\Users\SAK\AppData\Local\VisualGDB\EmbeddedBSPs\arm-eabi\com.sysprogs.arm.stm32\STM32F1xxxx\STM32F10x_StdPeriph_Driver\inc\stm32f10x_wwdg.h">
      <Filter>Libs\Device-specific files</Filter>
    </ClInclude>
    <ClInclude Include="C:\Users\SAK\AppData\Local\VisualGDB\EmbeddedBSPs\arm-eabi\com.sysprogs.arm.stm32\STM32F1xxxx\CMSIS\CM3\DeviceSupport\ST\STM32F10x\system_stm32f10x.h">
      <Filter>Libs\Device-specific files</Filter>
    </ClInclude>
    <ClInclude Include="PPMGenerator.h" />
    <ClInclude Include="SysTimer.h" />
    <ClInclude Include="PWMTimerReader.h" />
  </ItemGroup>
</Project>